
Microsoft Visual Studio Solution File, Format Version 12.00
# Visual Studio Version 17
VisualStudioVersion = 17.10.35122.118
MinimumVisualStudioVersion = 10.0.40219.1
Project("{FAE04EC0-301F-11D3-BF4B-00C04F79EFBC}") = "SecondCapstone", "SecondCapstone\SecondCapstone.csproj", "{98D7C817-7142-4859-A91C-E318D16FB4A7}"
EndProject
Global
	GlobalSection(SolutionConfigurationPlatforms) = preSolution
		Debug|Any CPU = Debug|Any CPU
		Release|Any CPU = Release|Any CPU
	EndGlobalSection
	GlobalSection(ProjectConfigurationPlatforms) = postSolution
		{98D7C817-7142-4859-A91C-E318D16FB4A7}.Debug|Any CPU.ActiveCfg = Debug|Any CPU
		{98D7C817-7142-4859-A91C-E318D16FB4A7}.Debug|Any CPU.Build.0 = Debug|Any CPU
		{98D7C817-7142-4859-A91C-E318D16FB4A7}.Release|Any CPU.ActiveCfg = Release|Any CPU
		{98D7C817-7142-4859-A91C-E318D16FB4A7}.Release|Any CPU.Build.0 = Release|Any CPU
	EndGlobalSection
	GlobalSection(SolutionProperties) = preSolution
		HideSolutionNode = FALSE
	EndGlobalSection
	GlobalSection(ExtensibilityGlobals) = postSolution
		SolutionGuid = {FBE9ECAB-21A8-4ED1-A9D9-592F1C8AFB02}
	EndGlobalSection
EndGlobal
